
Microsoft Visual Studio Solution File, Format Version 12.00
# Visual Studio Version 16
VisualStudioVersion = 16.0.810.9
MinimumVisualStudioVersion = 10.0.40219.1
Project("{FAE04EC0-301F-11D3-BF4B-00C04F79EFBC}") = "prismXamarin.Android", "prismXamarin.Android\prismXamarin.Android.csproj", "{26815270-BA45-4B26-BF05-D6670B3A125F}"
EndProject
Project("{FAE04EC0-301F-11D3-BF4B-00C04F79EFBC}") = "prismXamarin.iOS", "prismXamarin.iOS\prismXamarin.iOS.csproj", "{33638830-70E0-4BC0-B29D-430141699369}"
EndProject
Project("{FAE04EC0-301F-11D3-BF4B-00C04F79EFBC}") = "prismXamarin", "prismXamarin\prismXamarin.csproj", "{7EECED1E-9949-432F-852C-C7903719837E}"
EndProject
Global
	GlobalSection(SolutionConfigurationPlatforms) = preSolution
		Debug|Any CPU = Debug|Any CPU
		Release|Any CPU = Release|Any CPU
		Debug|iPhoneSimulator = Debug|iPhoneSimulator
		Release|iPhoneSimulator = Release|iPhoneSimulator
		Debug|iPhone = Debug|iPhone
		Release|iPhone = Release|iPhone
	EndGlobalSection
	GlobalSection(ProjectConfigurationPlatforms) = postSolution
		{26815270-BA45-4B26-BF05-D6670B3A125F}.Debug|Any CPU.ActiveCfg = Debug|Any CPU
		{26815270-BA45-4B26-BF05-D6670B3A125F}.Debug|Any CPU.Build.0 = Debug|Any CPU
		{26815270-BA45-4B26-BF05-D6670B3A125F}.Release|Any CPU.ActiveCfg = Release|Any CPU
		{26815270-BA45-4B26-BF05-D6670B3A125F}.Release|Any CPU.Build.0 = Release|Any CPU
		{26815270-BA45-4B26-BF05-D6670B3A125F}.Debug|iPhoneSimulator.ActiveCfg = Debug|Any CPU
		{26815270-BA45-4B26-BF05-D6670B3A125F}.Debug|iPhoneSimulator.Build.0 = Debug|Any CPU
		{26815270-BA45-4B26-BF05-D6670B3A125F}.Release|iPhoneSimulator.ActiveCfg = Release|Any CPU
		{26815270-BA45-4B26-BF05-D6670B3A125F}.Release|iPhoneSimulator.Build.0 = Release|Any CPU
		{26815270-BA45-4B26-BF05-D6670B3A125F}.Debug|iPhone.ActiveCfg = Debug|Any CPU
		{26815270-BA45-4B26-BF05-D6670B3A125F}.Debug|iPhone.Build.0 = Debug|Any CPU
		{26815270-BA45-4B26-BF05-D6670B3A125F}.Release|iPhone.ActiveCfg = Release|Any CPU
		{26815270-BA45-4B26-BF05-D6670B3A125F}.Release|iPhone.Build.0 = Release|Any CPU
		{33638830-70E0-4BC0-B29D-430141699369}.Debug|Any CPU.ActiveCfg = Debug|iPhoneSimulator
		{33638830-70E0-4BC0-B29D-430141699369}.Debug|Any CPU.Build.0 = Debug|iPhoneSimulator
		{33638830-70E0-4BC0-B29D-430141699369}.Release|Any CPU.ActiveCfg = Release|iPhoneSimulator
		{33638830-70E0-4BC0-B29D-430141699369}.Release|Any CPU.Build.0 = Release|iPhoneSimulator
		{33638830-70E0-4BC0-B29D-430141699369}.Debug|iPhoneSimulator.ActiveCfg = Debug|iPhoneSimulator
		{33638830-70E0-4BC0-B29D-430141699369}.Debug|iPhoneSimulator.Build.0 = Debug|iPhoneSimulator
		{33638830-70E0-4BC0-B29D-430141699369}.Release|iPhoneSimulator.ActiveCfg = Release|iPhoneSimulator
		{33638830-70E0-4BC0-B29D-430141699369}.Release|iPhoneSimulator.Build.0 = Release|iPhoneSimulator
		{33638830-70E0-4BC0-B29D-430141699369}.Debug|iPhone.ActiveCfg = Debug|iPhone
		{33638830-70E0-4BC0-B29D-430141699369}.Debug|iPhone.Build.0 = Debug|iPhone
		{33638830-70E0-4BC0-B29D-430141699369}.Release|iPhone.ActiveCfg = Release|iPhone
		{33638830-70E0-4BC0-B29D-430141699369}.Release|iPhone.Build.0 = Release|iPhone
		{7EECED1E-9949-432F-852C-C7903719837E}.Debug|Any CPU.ActiveCfg = Debug|Any CPU
		{7EECED1E-9949-432F-852C-C7903719837E}.Debug|Any CPU.Build.0 = Debug|Any CPU
		{7EECED1E-9949-432F-852C-C7903719837E}.Release|Any CPU.ActiveCfg = Release|Any CPU
		{7EECED1E-9949-432F-852C-C7903719837E}.Release|Any CPU.Build.0 = Release|Any CPU
		{7EECED1E-9949-432F-852C-C7903719837E}.Debug|iPhoneSimulator.ActiveCfg = Debug|Any CPU
		{7EECED1E-9949-432F-852C-C7903719837E}.Debug|iPhoneSimulator.Build.0 = Debug|Any CPU
		{7EECED1E-9949-432F-852C-C7903719837E}.Release|iPhoneSimulator.ActiveCfg = Release|Any CPU
		{7EECED1E-9949-432F-852C-C7903719837E}.Release|iPhoneSimulator.Build.0 = Release|Any CPU
		{7EECED1E-9949-432F-852C-C7903719837E}.Debug|iPhone.ActiveCfg = Debug|Any CPU
		{7EECED1E-9949-432F-852C-C7903719837E}.Debug|iPhone.Build.0 = Debug|Any CPU
		{7EECED1E-9949-432F-852C-C7903719837E}.Release|iPhone.ActiveCfg = Release|Any CPU
		{7EECED1E-9949-432F-852C-C7903719837E}.Release|iPhone.Build.0 = Release|Any CPU
	EndGlobalSection
	GlobalSection(SolutionProperties) = preSolution
		HideSolutionNode = FALSE
	EndGlobalSection
	GlobalSection(ExtensibilityGlobals) = postSolution
		SolutionGuid = {70FFA534-3F71-44B0-83EC-21C8114FA877}
	EndGlobalSection
EndGlobal
